// !$*UTF8*$!
{
	archiveVersion = 1;
	classes = {
	};
	objectVersion = 77;
	objects = {

/* Begin PBXContainerItemProxy section */
		B61D92C42FC077ED00C93FA7 /* PBXContainerItemProxy */ = {
			isa = PBXContainerItemProxy;
			containerPortal = B61D92A52FC077EA00C93FA7 /* Project object */;
			proxyType = 1;
			remoteGlobalIDString = B61D92AC2FC077EA00C93FA7;
			remoteInfo = MarketPilot;
		};
		B61D92CE2FC077ED00C93FA7 /* PBXContainerItemProxy */ = {
			isa = PBXContainerItemProxy;
			containerPortal = B61D92A52FC077EA00C93FA7 /* Project object */;
			proxyType = 1;
			remoteGlobalIDString = B61D92AC2FC077EA00C93FA7;
			remoteInfo = MarketPilot;
		};
/* End PBXContainerItemProxy section */

/* Begin PBXFileReference section */
		B61D92AD2FC077EA00C93FA7 /* MarketPilot.app */ = {isa = PBXFileReference; explicitFileType = wrapper.application; includeInIndex = 0; path = MarketPilot.app; sourceTree = BUILT_PRODUCTS_DIR; };
		B61D92C32FC077ED00C93FA7 /* MarketPilotTests.xctest */ = {isa = PBXFileReference; explicitFileType = wrapper.cfbundle; includeInIndex = 0; path = MarketPilotTests.xctest; sourceTree = BUILT_PRODUCTS_DIR; };
		B61D92CD2FC077ED00C93FA7 /* MarketPilotUITests.xctest */ = {isa = PBXFileReference; explicitFileType = wrapper.cfbundle; includeInIndex = 0; path = MarketPilotUITests.xctest; sourceTree = BUILT_PRODUCTS_DIR; };
/* End PBXFileReference section */

/* Begin PBXFileSystemSynchronizedBuildFileExceptionSet section */
		B61D92D52FC077ED00C93FA7 /* Exceptions for "MarketPilot" folder in "MarketPilot" target */ = {
			isa = PBXFileSystemSynchronizedBuildFileExceptionSet;
			membershipExceptions = (
				Info.plist,
			);
			target = B61D92AC2FC077EA00C93FA7 /* MarketPilot */;
		};
/* End PBXFileSystemSynchronizedBuildFileExceptionSet section */

/* Begin PBXFileSystemSynchronizedRootGroup section */
		B61D92AF2FC077EA00C93FA7 /* MarketPilot */ = {
			isa = PBXFileSystemSynchronizedRootGroup;
			exceptions = (
				B61D92D52FC077ED00C93FA7 /* Exceptions for "MarketPilot" folder in "MarketPilot" target */,
			);
			path = MarketPilot;
			sourceTree = "<group>";
		};
		B61D92C62FC077ED00C93FA7 /* MarketPilotTests */ = {
			isa = PBXFileSystemSynchronizedRootGroup;
			path = MarketPilotTests;
			sourceTree = "<group>";
		};
		B61D92D02FC077ED00C93FA7 /* MarketPilotUITests */ = {
			isa = PBXFileSystemSynchronizedRootGroup;
			path = MarketPilotUITests;
			sourceTree = "<group>";
		};
/* End PBXFileSystemSynchronizedRootGroup section */

/* Begin PBXFrameworksBuildPhase section */
		B61D92AA2FC077EA00C93FA7 /* Frameworks */ = {
			isa = PBXFrameworksBuildPhase;
			buildActionMask = 2147483647;
			files = (
			);
			runOnlyForDeploymentPostprocessing = 0;
		};
		B61D92C02FC077ED00C93FA7 /* Frameworks */ = {
			isa = PBXFrameworksBuildPhase;
			buildActionMask = 2147483647;
			files = (
			);
			runOnlyForDeploymentPostprocessing = 0;
		};
		B61D92CA2FC077ED00C93FA7 /* Frameworks */ = {
			isa = PBXFrameworksBuildPhase;
			buildActionMask = 2147483647;
			files = (
			);
			runOnlyForDeploymentPostprocessing = 0;
		};
/* End PBXFrameworksBuildPhase section */

/* Begin PBXGroup section */
		B61D92A42FC077EA00C93FA7 = {
			isa = PBXGroup;
			children = (
				B61D92AF2FC077EA00C93FA7 /* MarketPilot */,
				B61D92C62FC077ED00C93FA7 /* MarketPilotTests */,
				B61D92D02FC077ED00C93FA7 /* MarketPilotUITests */,
				B61D92AE2FC077EA00C93FA7 /* Products */,
			);
			sourceTree = "<group>";
		};
		B61D92AE2FC077EA00C93FA7 /* Products */ = {
			isa = PBXGroup;
			children = (
				B61D92AD2FC077EA00C93FA7 /* MarketPilot.app */,
				B61D92C32FC077ED00C93FA7 /* MarketPilotTests.xctest */,
				B61D92CD2FC077ED00C93FA7 /* MarketPilotUITests.xctest */,
			);
			name = Products;
			sourceTree = "<group>";
		};
/* End PBXGroup section */

/* Begin PBXNativeTarget section */
		B61D92AC2FC077EA00C93FA7 /* MarketPilot */ = {
			isa = PBXNativeTarget;
			buildConfigurationList = B61D92D62FC077ED00C93FA7 /* Build configuration list for PBXNativeTarget "MarketPilot" */;
			buildPhases = (
				B61D92A92FC077EA00C93FA7 /* Sources */,
				B61D92AA2FC077EA00C93FA7 /* Frameworks */,
				B61D92AB2FC077EA00C93FA7 /* Resources */,
			);
			buildRules = (
			);
			dependencies = (
			);
			fileSystemSynchronizedGroups = (
				B61D92AF2FC077EA00C93FA7 /* MarketPilot */,
			);
			name = MarketPilot;
			packageProductDependencies = (
			);
			productName = MarketPilot;
			productReference = B61D92AD2FC077EA00C93FA7 /* MarketPilot.app */;
			productType = "com.apple.product-type.application";
		};
		B61D92C22FC077ED00C93FA7 /* MarketPilotTests */ = {
			isa = PBXNativeTarget;
			buildConfigurationList = B61D92DB2FC077ED00C93FA7 /* Build configuration list for PBXNativeTarget "MarketPilotTests" */;
			buildPhases = (
				B61D92BF2FC077ED00C93FA7 /* Sources */,
				B61D92C02FC077ED00C93FA7 /* Frameworks */,
				B61D92C12FC077ED00C93FA7 /* Resources */,
			);
			buildRules = (
			);
			dependencies = (
				B61D92C52FC077ED00C93FA7 /* PBXTargetDependency */,
			);
			fileSystemSynchronizedGroups = (
				B61D92C62FC077ED00C93FA7 /* MarketPilotTests */,
			);
			name = MarketPilotTests;
			packageProductDependencies = (
			);
			productName = MarketPilotTests;
			productReference = B61D92C32FC077ED00C93FA7 /* MarketPilotTests.xctest */;
			productType = "com.apple.product-type.bundle.unit-test";
		};
		B61D92CC2FC077ED00C93FA7 /* MarketPilotUITests */ = {
			isa = PBXNativeTarget;
			buildConfigurationList = B61D92DE2FC077ED00C93FA7 /* Build configuration list for PBXNativeTarget "MarketPilotUITests" */;
			buildPhases = (
				B61D92C92FC077ED00C93FA7 /* Sources */,
				B61D92CA2FC077ED00C93FA7 /* Frameworks */,
				B61D92CB2FC077ED00C93FA7 /* Resources */,
			);
			buildRules = (
			);
			dependencies = (
				B61D92CF2FC077ED00C93FA7 /* PBXTargetDependency */,
			);
			fileSystemSynchronizedGroups = (
				B61D92D02FC077ED00C93FA7 /* MarketPilotUITests */,
			);
			name = MarketPilotUITests;
			packageProductDependencies = (
			);
			productName = MarketPilotUITests;
			productReference = B61D92CD2FC077ED00C93FA7 /* MarketPilotUITests.xctest */;
			productType = "com.apple.product-type.bundle.ui-testing";
		};
/* End PBXNativeTarget section */

/* Begin PBXProject section */
		B61D92A52FC077EA00C93FA7 /* Project object */ = {
			isa = PBXProject;
			attributes = {
				BuildIndependentTargetsInParallel = 1;
				LastSwiftUpdateCheck = 1640;
				LastUpgradeCheck = 1640;
				TargetAttributes = {
					B61D92AC2FC077EA00C93FA7 = {
						CreatedOnToolsVersion = 16.4;
					};
					B61D92C22FC077ED00C93FA7 = {
						CreatedOnToolsVersion = 16.4;
						TestTargetID = B61D92AC2FC077EA00C93FA7;
					};
					B61D92CC2FC077ED00C93FA7 = {
						CreatedOnToolsVersion = 16.4;
						TestTargetID = B61D92AC2FC077EA00C93FA7;
					};
				};
			};
			buildConfigurationList = B61D92A82FC077EA00C93FA7 /* Build configuration list for PBXProject "MarketPilot" */;
			developmentRegion = en;
			hasScannedForEncodings = 0;
			knownRegions = (
				en,
				Base,
			);
			mainGroup = B61D92A42FC077EA00C93FA7;
			minimizedProjectReferenceProxies = 1;
			preferredProjectObjectVersion = 77;
			productRefGroup = B61D92AE2FC077EA00C93FA7 /* Products */;
			projectDirPath = "";
			projectRoot = "";
			targets = (
				B61D92AC2FC077EA00C93FA7 /* MarketPilot */,
				B61D92C22FC077ED00C93FA7 /* MarketPilotTests */,
				B61D92CC2FC077ED00C93FA7 /* MarketPilotUITests */,
			);
		};
/* End PBXProject section */

/* Begin PBXResourcesBuildPhase section */
		B61D92AB2FC077EA00C93FA7 /* Resources */ = {
			isa = PBXResourcesBuildPhase;
			buildActionMask = 2147483647;
			files = (
			);
			runOnlyForDeploymentPostprocessing = 0;
		};
		B61D92C12FC077ED00C93FA7 /* Resources */ = {
			isa = PBXResourcesBuildPhase;
			buildActionMask = 2147483647;
			files = (
			);
			runOnlyForDeploymentPostprocessing = 0;
		};
		B61D92CB2FC077ED00C93FA7 /* Resources */ = {
			isa = PBXResourcesBuildPhase;
			buildActionMask = 2147483647;
			files = (
			);
			runOnlyForDeploymentPostprocessing = 0;
		};
/* End PBXResourcesBuildPhase section */

/* Begin PBXSourcesBuildPhase section */
		B61D92A92FC077EA00C93FA7 /* Sources */ = {
			isa = PBXSourcesBuildPhase;
			buildActionMask = 2147483647;
			files = (
			);
			runOnlyForDeploymentPostprocessing = 0;
		};
		B61D92BF2FC077ED00C93FA7 /* Sources */ = {
			isa = PBXSourcesBuildPhase;
			buildActionMask = 2147483647;
			files = (
			);
			runOnlyForDeploymentPostprocessing = 0;
		};
		B61D92C92FC077ED00C93FA7 /* Sources */ = {
			isa = PBXSourcesBuildPhase;
			buildActionMask = 2147483647;
			files = (
			);
			runOnlyForDeploymentPostprocessing = 0;
		};
/* End PBXSourcesBuildPhase section */

/* Begin PBXTargetDependency section */
		B61D92C52FC077ED00C93FA7 /* PBXTargetDependency */ = {
			isa = PBXTargetDependency;
			target = B61D92AC2FC077EA00C93FA7 /* MarketPilot */;
			targetProxy = B61D92C42FC077ED00C93FA7 /* PBXContainerItemProxy */;
		};
		B61D92CF2FC077ED00C93FA7 /* PBXTargetDependency */ = {
			isa = PBXTargetDependency;
			target = B61D92AC2FC077EA00C93FA7 /* MarketPilot */;
			targetProxy = B61D92CE2FC077ED00C93FA7 /* PBXContainerItemProxy */;
		};
/* End PBXTargetDependency section */

/* Begin XCBuildConfiguration section */
		B61D92D72FC077ED00C93FA7 /* Debug */ = {
			isa = XCBuildConfiguration;
			buildSettings = {
				ASSETCATALOG_COMPILER_APPICON_NAME = AppIcon;
				ASSETCATALOG_COMPILER_GLOBAL_ACCENT_COLOR_NAME = AccentColor;
				CODE_SIGN_STYLE = Automatic;
				CURRENT_PROJECT_VERSION = 1;
				DEVELOPMENT_TEAM = WCPCRTA6Q8;
				GENERATE_INFOPLIST_FILE = YES;
				INFOPLIST_FILE = MarketPilot/Info.plist;
				INFOPLIST_KEY_UIApplicationSupportsIndirectInputEvents = YES;
				INFOPLIST_KEY_UILaunchStoryboardName = LaunchScreen;
				INFOPLIST_KEY_UIMainStoryboardFile = Main;
				INFOPLIST_KEY_UISupportedInterfaceOrientations_iPad = "UIInterfaceOrientationPortrait UIInterfaceOrientationPortraitUpsideDown UIInterfaceOrientationLandscapeLeft UIInterfaceOrientationLandscapeRight";
				INFOPLIST_KEY_UISupportedInterfaceOrientations_iPhone = "UIInterfaceOrientationPortrait UIInterfaceOrientationLandscapeLeft UIInterfaceOrientationLandscapeRight";
				LD_RUNPATH_SEARCH_PATHS = (
					"$(inherited)",
					"@executable_path/Frameworks",
				);
				MARKETING_VERSION = 1.0;
				PRODUCT_BUNDLE_IDENTIFIER = "com.o-merkumek.MarketPilot";
				PRODUCT_NAME = "$(TARGET_NAME)";
				SWIFT_EMIT_LOC_STRINGS = YES;
				SWIFT_VERSION = 5.0;
				TARGETED_DEVICE_FAMILY = "1,2";
			};
			name = Debug;
		};
		B61D92D82FC077ED00C93FA7 /* Release */ = {
			isa = XCBuildConfiguration;
			buildSettings = {
				ASSETCATALOG_COMPILER_APPICON_NAME = AppIcon;
				ASSETCATALOG_COMPILER_GLOBAL_ACCENT_COLOR_NAME = AccentColor;
				CODE_SIGN_STYLE = Automatic;
				CURRENT_PROJECT_VERSION = 1;
				DEVELOPMENT_TEAM = WCPCRTA6Q8;
				GENERATE_INFOPLIST_FILE = YES;
				INFOPLIST_FILE = MarketPilot/Info.plist;
				INFOPLIST_KEY_UIApplicationSupportsIndirectInputEvents = YES;
				INFOPLIST_KEY_UILaunchStoryboardName = LaunchScreen;
				INFOPLIST_KEY_UIMainStoryboardFile = Main;
				INFOPLIST_KEY_UISupportedInterfaceOrientations_iPad = "UIInterfaceOrientationPortrait UIInterfaceOrientationPortraitUpsideDown UIInterfaceOrientationLandscapeLeft UIInterfaceOrientationLandscapeRight";
				INFOPLIST_KEY_UISupportedInterfaceOrientations_iPhone = "UIInterfaceOrientationPortrait UIInterfaceOrientationLandscapeLeft UIInterfaceOrientationLandscapeRight";
				LD_RUNPATH_SEARCH_PATHS = (
					"$(inherited)",
					"@executable_path/Frameworks",
				);
				MARKETING_VERSION = 1.0;
				PRODUCT_BUNDLE_IDENTIFIER = "com.o-merkumek.MarketPilot";
				PRODUCT_NAME = "$(TARGET_NAME)";
				SWIFT_EMIT_LOC_STRINGS = YES;
				SWIFT_VERSION = 5.0;
				TARGETED_DEVICE_FAMILY = "1,2";
			};
			name = Release;
		};
		B61D92D92FC077ED00C93FA7 /* Debug */ = {
			isa = XCBuildConfiguration;
			buildSettings = {
				ALWAYS_SEARCH_USER_PATHS = NO;
				ASSETCATALOG_COMPILER_GENERATE_SWIFT_ASSET_SYMBOL_EXTENSIONS = YES;
				CLANG_ANALYZER_NONNULL = YES;
				CLANG_ANALYZER_NUMBER_OBJECT_CONVERSION = YES_AGGRESSIVE;
				CLANG_CXX_LANGUAGE_STANDARD = "gnu++20";
				CLANG_ENABLE_MODULES = YES;
				CLANG_ENABLE_OBJC_ARC = YES;
				CLANG_ENABLE_OBJC_WEAK = YES;
				CLANG_WARN_BLOCK_CAPTURE_AUTORELEASING = YES;
				CLANG_WARN_BOOL_CONVERSION = YES;
				CLANG_WARN_COMMA = YES;
				CLANG_WARN_CONSTANT_CONVERSION = YES;
				CLANG_WARN_DEPRECATED_OBJC_IMPLEMENTATIONS = YES;
				CLANG_WARN_DIRECT_OBJC_ISA_USAGE = YES_ERROR;
				CLANG_WARN_DOCUMENTATION_COMMENTS = YES;
				CLANG_WARN_EMPTY_BODY = YES;
				CLANG_WARN_ENUM_CONVERSION = YES;
				CLANG_WARN_INFINITE_RECURSION = YES;
				CLANG_WARN_INT_CONVERSION = YES;
				CLANG_WARN_NON_LITERAL_NULL_CONVERSION = YES;
				CLANG_WARN_OBJC_IMPLICIT_RETAIN_SELF = YES;
				CLANG_WARN_OBJC_LITERAL_CONVERSION = YES;
				CLANG_WARN_OBJC_ROOT_CLASS = YES_ERROR;
				CLANG_WARN_QUOTED_INCLUDE_IN_FRAMEWORK_HEADER = YES;
				CLANG_WARN_RANGE_LOOP_ANALYSIS = YES;
				CLANG_WARN_STRICT_PROTOTYPES = YES;
				CLANG_WARN_SUSPICIOUS_MOVE = YES;
				CLANG_WARN_UNGUARDED_AVAILABILITY = YES_AGGRESSIVE;
				CLANG_WARN_UNREACHABLE_CODE = YES;
				CLANG_WARN__DUPLICATE_METHOD_MATCH = YES;
				COPY_PHASE_STRIP = NO;
				DEBUG_INFORMATION_FORMAT = dwarf;
				DEVELOPMENT_TEAM = WCPCRTA6Q8;
				ENABLE_STRICT_OBJC_MSGSEND = YES;
				ENABLE_TESTABILITY = YES;
				ENABLE_USER_SCRIPT_SANDBOXING = YES;
				GCC_C_LANGUAGE_STANDARD = gnu17;
				GCC_DYNAMIC_NO_PIC = NO;
				GCC_NO_COMMON_BLOCKS = YES;
				GCC_OPTIMIZATION_LEVEL = 0;
				GCC_PREPROCESSOR_DEFINITIONS = (
					"DEBUG=1",
					"$(inherited)",
				);
				GCC_WARN_64_TO_32_BIT_CONVERSION = YES;
				GCC_WARN_ABOUT_RETURN_TYPE = YES_ERROR;
				GCC_WARN_UNDECLARED_SELECTOR = YES;
				GCC_WARN_UNINITIALIZED_AUTOS = YES_AGGRESSIVE;
				GCC_WARN_UNUSED_FUNCTION = YES;
				GCC_WARN_UNUSED_VARIABLE = YES;
				IPHONEOS_DEPLOYMENT_TARGET = 18.5;
				LOCALIZATION_PREFERS_STRING_CATALOGS = YES;
				MTL_ENABLE_DEBUG_INFO = INCLUDE_SOURCE;
				MTL_FAST_MATH = YES;
				ONLY_ACTIVE_ARCH = YES;
				SDKROOT = iphoneos;
				SWIFT_ACTIVE_COMPILATION_CONDITIONS = "DEBUG $(inherited)";
				SWIFT_OPTIMIZATION_LEVEL = "-Onone";
			};
			name = Debug;
		};
		B61D92DA2FC077ED00C93FA7 /* Release */ = {
			isa = XCBuildConfiguration;
			buildSettings = {
				ALWAYS_SEARCH_USER_PATHS = NO;
				ASSETCATALOG_COMPILER_GENERATE_SWIFT_ASSET_SYMBOL_EXTENSIONS = YES;
				CLANG_ANALYZER_NONNULL = YES;
				CLANG_ANALYZER_NUMBER_OBJECT_CONVERSION = YES_AGGRESSIVE;
				CLANG_CXX_LANGUAGE_STANDARD = "gnu++20";
				CLANG_ENABLE_MODULES = YES;
				CLANG_ENABLE_OBJC_ARC = YES;
				CLANG_ENABLE_OBJC_WEAK = YES;
				CLANG_WARN_BLOCK_CAPTURE_AUTORELEASING = YES;
				CLANG_WARN_BOOL_CONVERSION = YES;
				CLANG_WARN_COMMA = YES;
				CLANG_WARN_CONSTANT_CONVERSION = YES;
				CLANG_WARN_DEPRECATED_OBJC_IMPLEMENTATIONS = YES;
				CLANG_WARN_DIRECT_OBJC_ISA_USAGE = YES_ERROR;
				CLANG_WARN_DOCUMENTATION_COMMENTS = YES;
				CLANG_WARN_EMPTY_BODY = YES;
				CLANG_WARN_ENUM_CONVERSION = YES;
				CLANG_WARN_INFINITE_RECURSION = YES;
				CLANG_WARN_INT_CONVERSION = YES;
				CLANG_WARN_NON_LITERAL_NULL_CONVERSION = YES;
				CLANG_WARN_OBJC_IMPLICIT_RETAIN_SELF = YES;
				CLANG_WARN_OBJC_LITERAL_CONVERSION = YES;
				CLANG_WARN_OBJC_ROOT_CLASS = YES_ERROR;
				CLANG_WARN_QUOTED_INCLUDE_IN_FRAMEWORK_HEADER = YES;
				CLANG_WARN_RANGE_LOOP_ANALYSIS = YES;
				CLANG_WARN_STRICT_PROTOTYPES = YES;
				CLANG_WARN_SUSPICIOUS_MOVE = YES;
				CLANG_WARN_UNGUARDED_AVAILABILITY = YES_AGGRESSIVE;
				CLANG_WARN_UNREACHABLE_CODE = YES;
				CLANG_WARN__DUPLICATE_METHOD_MATCH = YES;
				COPY_PHASE_STRIP = NO;
				DEBUG_INFORMATION_FORMAT = "dwarf-with-dsym";
				DEVELOPMENT_TEAM = WCPCRTA6Q8;
				ENABLE_NS_ASSERTIONS = NO;
				ENABLE_STRICT_OBJC_MSGSEND = YES;
				ENABLE_USER_SCRIPT_SANDBOXING = YES;
				GCC_C_LANGUAGE_STANDARD = gnu17;
				GCC_NO_COMMON_BLOCKS = YES;
				GCC_WARN_64_TO_32_BIT_CONVERSION = YES;
				GCC_WARN_ABOUT_RETURN_TYPE = YES_ERROR;
				GCC_WARN_UNDECLARED_SELECTOR = YES;
				GCC_WARN_UNINITIALIZED_AUTOS = YES_AGGRESSIVE;
				GCC_WARN_UNUSED_FUNCTION = YES;
				GCC_WARN_UNUSED_VARIABLE = YES;
				IPHONEOS_DEPLOYMENT_TARGET = 18.5;
				LOCALIZATION_PREFERS_STRING_CATALOGS = YES;
				MTL_ENABLE_DEBUG_INFO = NO;
				MTL_FAST_MATH = YES;
				SDKROOT = iphoneos;
				SWIFT_COMPILATION_MODE = wholemodule;
				VALIDATE_PRODUCT = YES;
			};
			name = Release;
		};
		B61D92DC2FC077ED00C93FA7 /* Debug */ = {
			isa = XCBuildConfiguration;
			buildSettings = {
				BUNDLE_LOADER = "$(TEST_HOST)";
				CODE_SIGN_STYLE = Automatic;
				CURRENT_PROJECT_VERSION = 1;
				DEVELOPMENT_TEAM = WCPCRTA6Q8;
				GENERATE_INFOPLIST_FILE = YES;
				IPHONEOS_DEPLOYMENT_TARGET = 18.5;
				MARKETING_VERSION = 1.0;
				PRODUCT_BUNDLE_IDENTIFIER = "com.o-merkumek.MarketPilotTests";
				PRODUCT_NAME = "$(TARGET_NAME)";
				SWIFT_EMIT_LOC_STRINGS = NO;
				SWIFT_VERSION = 5.0;
				TARGETED_DEVICE_FAMILY = "1,2";
				TEST_HOST = "$(BUILT_PRODUCTS_DIR)/MarketPilot.app/$(BUNDLE_EXECUTABLE_FOLDER_PATH)/MarketPilot";
			};
			name = Debug;
		};
		B61D92DD2FC077ED00C93FA7 /* Release */ = {
			isa = XCBuildConfiguration;
			buildSettings = {
				BUNDLE_LOADER = "$(TEST_HOST)";
				CODE_SIGN_STYLE = Automatic;
				CURRENT_PROJECT_VERSION = 1;
				DEVELOPMENT_TEAM = WCPCRTA6Q8;
				GENERATE_INFOPLIST_FILE = YES;
				IPHONEOS_DEPLOYMENT_TARGET = 18.5;
				MARKETING_VERSION = 1.0;
				PRODUCT_BUNDLE_IDENTIFIER = "com.o-merkumek.MarketPilotTests";
				PRODUCT_NAME = "$(TARGET_NAME)";
				SWIFT_EMIT_LOC_STRINGS = NO;
				SWIFT_VERSION = 5.0;
				TARGETED_DEVICE_FAMILY = "1,2";
				TEST_HOST = "$(BUILT_PRODUCTS_DIR)/MarketPilot.app/$(BUNDLE_EXECUTABLE_FOLDER_PATH)/MarketPilot";
			};
			name = Release;
		};
		B61D92DF2FC077ED00C93FA7 /* Debug */ = {
			isa = XCBuildConfiguration;
			buildSettings = {
				CODE_SIGN_STYLE = Automatic;
				CURRENT_PROJECT_VERSION = 1;
				DEVELOPMENT_TEAM = WCPCRTA6Q8;
				GENERATE_INFOPLIST_FILE = YES;
				MARKETING_VERSION = 1.0;
				PRODUCT_BUNDLE_IDENTIFIER = "com.o-merkumek.MarketPilotUITests";
				PRODUCT_NAME = "$(TARGET_NAME)";
				SWIFT_EMIT_LOC_STRINGS = NO;
				SWIFT_VERSION = 5.0;
				TARGETED_DEVICE_FAMILY = "1,2";
				TEST_TARGET_NAME = MarketPilot;
			};
			name = Debug;
		};
		B61D92E02FC077ED00C93FA7 /* Release */ = {
			isa = XCBuildConfiguration;
			buildSettings = {
				CODE_SIGN_STYLE = Automatic;
				CURRENT_PROJECT_VERSION = 1;
				DEVELOPMENT_TEAM = WCPCRTA6Q8;
				GENERATE_INFOPLIST_FILE = YES;
				MARKETING_VERSION = 1.0;
				PRODUCT_BUNDLE_IDENTIFIER = "com.o-merkumek.MarketPilotUITests";
				PRODUCT_NAME = "$(TARGET_NAME)";
				SWIFT_EMIT_LOC_STRINGS = NO;
				SWIFT_VERSION = 5.0;
				TARGETED_DEVICE_FAMILY = "1,2";
				TEST_TARGET_NAME = MarketPilot;
			};
			name = Release;
		};
/* End XCBuildConfiguration section */

/* Begin XCConfigurationList section */
		B61D92A82FC077EA00C93FA7 /* Build configuration list for PBXProject "MarketPilot" */ = {
			isa = XCConfigurationList;
			buildConfigurations = (
				B61D92D92FC077ED00C93FA7 /* Debug */,
				B61D92DA2FC077ED00C93FA7 /* Release */,
			);
			defaultConfigurationIsVisible = 0;
			defaultConfigurationName = Release;
		};
		B61D92D62FC077ED00C93FA7 /* Build configuration list for PBXNativeTarget "MarketPilot" */ = {
			isa = XCConfigurationList;
			buildConfigurations = (
				B61D92D72FC077ED00C93FA7 /* Debug */,
				B61D92D82FC077ED00C93FA7 /* Release */,
			);
			defaultConfigurationIsVisible = 0;
			defaultConfigurationName = Release;
		};
		B61D92DB2FC077ED00C93FA7 /* Build configuration list for PBXNativeTarget "MarketPilotTests" */ = {
			isa = XCConfigurationList;
			buildConfigurations = (
				B61D92DC2FC077ED00C93FA7 /* Debug */,
				B61D92DD2FC077ED00C93FA7 /* Release */,
			);
			defaultConfigurationIsVisible = 0;
			defaultConfigurationName = Release;
		};
		B61D92DE2FC077ED00C93FA7 /* Build configuration list for PBXNativeTarget "MarketPilotUITests" */ = {
			isa = XCConfigurationList;
			buildConfigurations = (
				B61D92DF2FC077ED00C93FA7 /* Debug */,
				B61D92E02FC077ED00C93FA7 /* Release */,
			);
			defaultConfigurationIsVisible = 0;
			defaultConfigurationName = Release;
		};
/* End XCConfigurationList section */
	};
	rootObject = B61D92A52FC077EA00C93FA7 /* Project object */;
}
